
Microsoft Visual Studio Solution File, Format Version 12.00
# Visual Studio 2013
VisualStudioVersion = 12.0.0.0
MinimumVisualStudioVersion = 10.0.0.1
Project("{FAE04EC0-301F-11D3-BF4B-00C04F79EFBC}") = "SuperIoC", "SuperIoC/SuperIoC.csproj", "{9EF10ACB-0A23-482A-B04D-F0285C88ACE5}"
EndProject
Project("{FAE04EC0-301F-11D3-BF4B-00C04F79EFBC}") = "IoCTests", "IoCTests\IoCTests.csproj", "{0C05F66C-931D-4621-9A19-C6DCA30ECA60}"
EndProject
Global
	GlobalSection(SolutionConfigurationPlatforms) = preSolution
		Debug|Any CPU = Debug|Any CPU
		Release|Any CPU = Release|Any CPU
	EndGlobalSection
	GlobalSection(ProjectConfigurationPlatforms) = postSolution
		{9EF10ACB-0A23-482A-B04D-F0285C88ACE5}.Debug|Any CPU.ActiveCfg = Debug|Any CPU
		{9EF10ACB-0A23-482A-B04D-F0285C88ACE5}.Debug|Any CPU.Build.0 = Debug|Any CPU
		{9EF10ACB-0A23-482A-B04D-F0285C88ACE5}.Release|Any CPU.ActiveCfg = Release|Any CPU
		{9EF10ACB-0A23-482A-B04D-F0285C88ACE5}.Release|Any CPU.Build.0 = Release|Any CPU
		{0C05F66C-931D-4621-9A19-C6DCA30ECA60}.Debug|Any CPU.ActiveCfg = Debug|Any CPU
		{0C05F66C-931D-4621-9A19-C6DCA30ECA60}.Debug|Any CPU.Build.0 = Debug|Any CPU
		{0C05F66C-931D-4621-9A19-C6DCA30ECA60}.Release|Any CPU.ActiveCfg = Release|Any CPU
		{0C05F66C-931D-4621-9A19-C6DCA30ECA60}.Release|Any CPU.Build.0 = Release|Any CPU
	EndGlobalSection
	GlobalSection(SolutionProperties) = preSolution
		HideSolutionNode = FALSE
	EndGlobalSection
EndGlobal
